
Microsoft Visual Studio Solution File, Format Version 12.00
# Visual Studio 2013
VisualStudioVersion = 12.0.30723.0
MinimumVisualStudioVersion = 10.0.40219.1
Project("{FAE04EC0-301F-11D3-BF4B-00C04F79EFBC}") = "SegmentasiHuruf", "TugasPCD5\SegmentasiHuruf.csproj", "{6F560953-A156-4D70-9CBC-E530D353F09F}"
EndProject
Project("{FAE04EC0-301F-11D3-BF4B-00C04F79EFBC}") = "TemplateMatching", "TemplateMatching\TemplateMatching.csproj", "{D6BA9CC1-D846-465F-BA79-5B2167FBCA06}"
EndProject
Project("{FAE04EC0-301F-11D3-BF4B-00C04F79EFBC}") = "RegionSplitting", "RegionSplitting\RegionSplitting.csproj", "{8DC18122-6FED-474D-BC71-774CC55A4267}"
EndProject
Global
	GlobalSection(SolutionConfigurationPlatforms) = preSolution
		Debug|Any CPU = Debug|Any CPU
		Release|Any CPU = Release|Any CPU
	EndGlobalSection
	GlobalSection(ProjectConfigurationPlatforms) = postSolution
		{6F560953-A156-4D70-9CBC-E530D353F09F}.Debug|Any CPU.ActiveCfg = Debug|Any CPU
		{6F560953-A156-4D70-9CBC-E530D353F09F}.Debug|Any CPU.Build.0 = Debug|Any CPU
		{6F560953-A156-4D70-9CBC-E530D353F09F}.Release|Any CPU.ActiveCfg = Release|Any CPU
		{6F560953-A156-4D70-9CBC-E530D353F09F}.Release|Any CPU.Build.0 = Release|Any CPU
		{D6BA9CC1-D846-465F-BA79-5B2167FBCA06}.Debug|Any CPU.ActiveCfg = Debug|Any CPU
		{D6BA9CC1-D846-465F-BA79-5B2167FBCA06}.Debug|Any CPU.Build.0 = Debug|Any CPU
		{D6BA9CC1-D846-465F-BA79-5B2167FBCA06}.Release|Any CPU.ActiveCfg = Release|Any CPU
		{D6BA9CC1-D846-465F-BA79-5B2167FBCA06}.Release|Any CPU.Build.0 = Release|Any CPU
		{8DC18122-6FED-474D-BC71-774CC55A4267}.Debug|Any CPU.ActiveCfg = Debug|Any CPU
		{8DC18122-6FED-474D-BC71-774CC55A4267}.Debug|Any CPU.Build.0 = Debug|Any CPU
		{8DC18122-6FED-474D-BC71-774CC55A4267}.Release|Any CPU.ActiveCfg = Release|Any CPU
		{8DC18122-6FED-474D-BC71-774CC55A4267}.Release|Any CPU.Build.0 = Release|Any CPU
	EndGlobalSection
	GlobalSection(SolutionProperties) = preSolution
		HideSolutionNode = FALSE
	EndGlobalSection
EndGlobal
